
Microsoft Visual Studio Solution File, Format Version 12.00
# Visual Studio Version 16
VisualStudioVersion = 16.0.31105.61
MinimumVisualStudioVersion = 10.0.40219.1
Project("{FAE04EC0-301F-11D3-BF4B-00C04F79EFBC}") = "tx-dsserver-blazor-server", "tx-dsserver-blazor-server.csproj", "{075EE186-BB9F-4693-BBE8-DEB96FF0FDC0}"
EndProject
Global
	GlobalSection(SolutionConfigurationPlatforms) = preSolution
		Debug|Any CPU = Debug|Any CPU
		Release|Any CPU = Release|Any CPU
	EndGlobalSection
	GlobalSection(ProjectConfigurationPlatforms) = postSolution
		{075EE186-BB9F-4693-BBE8-DEB96FF0FDC0}.Debug|Any CPU.ActiveCfg = Debug|Any CPU
		{075EE186-BB9F-4693-BBE8-DEB96FF0FDC0}.Debug|Any CPU.Build.0 = Debug|Any CPU
		{075EE186-BB9F-4693-BBE8-DEB96FF0FDC0}.Release|Any CPU.ActiveCfg = Release|Any CPU
		{075EE186-BB9F-4693-BBE8-DEB96FF0FDC0}.Release|Any CPU.Build.0 = Release|Any CPU
	EndGlobalSection
	GlobalSection(SolutionProperties) = preSolution
		HideSolutionNode = FALSE
	EndGlobalSection
	GlobalSection(ExtensibilityGlobals) = postSolution
		SolutionGuid = {C8C77A2C-AB57-4DA6-91A2-B91E006548DB}
	EndGlobalSection
EndGlobal
